
Microsoft Visual Studio Solution File, Format Version 12.00
# Visual Studio Version 17
VisualStudioVersion = 17.11.35312.102
MinimumVisualStudioVersion = 10.0.40219.1
Project("{9A19103F-16F7-4668-BE54-9A1E7A4F7556}") = "StateOfTheArtTablePublisher", "StateOfTheArtTablePublisher\StateOfTheArtTablePublisher.csproj", "{B5EF4F8C-918B-4823-B22C-3AE4239710F6}"
EndProject
Project("{2150E333-8FDC-42A3-9474-1A3956D46DE8}") = "UnitTests", "UnitTests", "{27C55A9B-9711-4DE3-BC3E-978B379D2CC2}"
EndProject
Project("{9A19103F-16F7-4668-BE54-9A1E7A4F7556}") = "PublisherXUnitTests", "PublisherXUnitTests\PublisherXUnitTests.csproj", "{7DB47152-8C40-4743-8BB9-EA7A34971109}"
EndProject
Project("{9A19103F-16F7-4668-BE54-9A1E7A4F7556}") = "UdpCommunication", "UdpCommunication\UdpCommunication.csproj", "{8C93E587-5552-4549-A90F-41BC566AC21E}"
EndProject
Project("{9A19103F-16F7-4668-BE54-9A1E7A4F7556}") = "ConsoleApp1", "ConsoleApp1\ConsoleApp1.csproj", "{A73EB682-1967-4D08-8035-92C8770CD39B}"
EndProject
Project("{FAE04EC0-301F-11D3-BF4B-00C04F79EFBC}") = "StateOfTheArtTablePubMonitor", "StateOfTheArtTablePubMonitor\StateOfTheArtTablePubMonitor.csproj", "{0EA0FFFD-3374-4458-8A69-0F29F3706362}"
EndProject
Project("{FAE04EC0-301F-11D3-BF4B-00C04F79EFBC}") = "RestTestApp", "RestTestApp\RestTestApp.csproj", "{D533C4DA-13B5-4BEC-AD08-40A850DEC62B}"
EndProject
Global
	GlobalSection(SolutionConfigurationPlatforms) = preSolution
		Debug|Any CPU = Debug|Any CPU
		Release|Any CPU = Release|Any CPU
	EndGlobalSection
	GlobalSection(ProjectConfigurationPlatforms) = postSolution
		{B5EF4F8C-918B-4823-B22C-3AE4239710F6}.Debug|Any CPU.ActiveCfg = Debug|Any CPU
		{B5EF4F8C-918B-4823-B22C-3AE4239710F6}.Debug|Any CPU.Build.0 = Debug|Any CPU
		{B5EF4F8C-918B-4823-B22C-3AE4239710F6}.Release|Any CPU.ActiveCfg = Release|Any CPU
		{B5EF4F8C-918B-4823-B22C-3AE4239710F6}.Release|Any CPU.Build.0 = Release|Any CPU
		{7DB47152-8C40-4743-8BB9-EA7A34971109}.Debug|Any CPU.ActiveCfg = Debug|Any CPU
		{7DB47152-8C40-4743-8BB9-EA7A34971109}.Debug|Any CPU.Build.0 = Debug|Any CPU
		{7DB47152-8C40-4743-8BB9-EA7A34971109}.Release|Any CPU.ActiveCfg = Release|Any CPU
		{7DB47152-8C40-4743-8BB9-EA7A34971109}.Release|Any CPU.Build.0 = Release|Any CPU
		{8C93E587-5552-4549-A90F-41BC566AC21E}.Debug|Any CPU.ActiveCfg = Debug|Any CPU
		{8C93E587-5552-4549-A90F-41BC566AC21E}.Debug|Any CPU.Build.0 = Debug|Any CPU
		{8C93E587-5552-4549-A90F-41BC566AC21E}.Release|Any CPU.ActiveCfg = Release|Any CPU
		{8C93E587-5552-4549-A90F-41BC566AC21E}.Release|Any CPU.Build.0 = Release|Any CPU
		{A73EB682-1967-4D08-8035-92C8770CD39B}.Debug|Any CPU.ActiveCfg = Debug|Any CPU
		{A73EB682-1967-4D08-8035-92C8770CD39B}.Debug|Any CPU.Build.0 = Debug|Any CPU
		{A73EB682-1967-4D08-8035-92C8770CD39B}.Release|Any CPU.ActiveCfg = Release|Any CPU
		{A73EB682-1967-4D08-8035-92C8770CD39B}.Release|Any CPU.Build.0 = Release|Any CPU
		{0EA0FFFD-3374-4458-8A69-0F29F3706362}.Debug|Any CPU.ActiveCfg = Debug|Any CPU
		{0EA0FFFD-3374-4458-8A69-0F29F3706362}.Debug|Any CPU.Build.0 = Debug|Any CPU
		{0EA0FFFD-3374-4458-8A69-0F29F3706362}.Release|Any CPU.ActiveCfg = Release|Any CPU
		{0EA0FFFD-3374-4458-8A69-0F29F3706362}.Release|Any CPU.Build.0 = Release|Any CPU
		{D533C4DA-13B5-4BEC-AD08-40A850DEC62B}.Debug|Any CPU.ActiveCfg = Debug|Any CPU
		{D533C4DA-13B5-4BEC-AD08-40A850DEC62B}.Debug|Any CPU.Build.0 = Debug|Any CPU
		{D533C4DA-13B5-4BEC-AD08-40A850DEC62B}.Release|Any CPU.ActiveCfg = Release|Any CPU
		{D533C4DA-13B5-4BEC-AD08-40A850DEC62B}.Release|Any CPU.Build.0 = Release|Any CPU
	EndGlobalSection
	GlobalSection(SolutionProperties) = preSolution
		HideSolutionNode = FALSE
	EndGlobalSection
	GlobalSection(NestedProjects) = preSolution
		{7DB47152-8C40-4743-8BB9-EA7A34971109} = {27C55A9B-9711-4DE3-BC3E-978B379D2CC2}
		{A73EB682-1967-4D08-8035-92C8770CD39B} = {27C55A9B-9711-4DE3-BC3E-978B379D2CC2}
	EndGlobalSection
	GlobalSection(ExtensibilityGlobals) = postSolution
		SolutionGuid = {45E81C79-46D0-44D8-B4C1-401AE7FBAA7E}
	EndGlobalSection
EndGlobal
