
Microsoft Visual Studio Solution File, Format Version 12.00
# Visual Studio Version 17
VisualStudioVersion = 17.11.35312.102
MinimumVisualStudioVersion = 10.0.40219.1
Project("{9A19103F-16F7-4668-BE54-9A1E7A4F7556}") = "StateOfTheArtTablePubMonitor", "StateOfTheArtTablePubMonitor\StateOfTheArtTablePubMonitor.csproj", "{0EA0FFFD-3374-4458-8A69-0F29F3706362}"
EndProject
Project("{9A19103F-16F7-4668-BE54-9A1E7A4F7556}") = "RestTestApp", "RestTestApp\RestTestApp.csproj", "{D533C4DA-13B5-4BEC-AD08-40A850DEC62B}"
EndProject
Project("{9A19103F-16F7-4668-BE54-9A1E7A4F7556}") = "RP.Tcp.Communication.ServerClient", "..\ServerClientCommunication\RP.Tcp.Communication.ServerClient\RP.Tcp.Communication.ServerClient.csproj", "{EE5A2740-C87E-4754-8CF3-12150C9DE866}"
EndProject
Project("{9A19103F-16F7-4668-BE54-9A1E7A4F7556}") = "RP.Infra", "..\Infra\RP.Infra\RP.Infra.csproj", "{FD489671-BA41-46C5-9339-14C6771CFE71}"
EndProject
Project("{9A19103F-16F7-4668-BE54-9A1E7A4F7556}") = "RP.ServerClientCommunication", "..\ServerClientCommunication\RP.ServerClientCommunication\RP.ServerClientCommunication.csproj", "{A8ACA620-EB34-4672-9CE0-B9F63C49534F}"
EndProject
Project("{9A19103F-16F7-4668-BE54-9A1E7A4F7556}") = "RP.Udp.Communication.ServerClient", "..\ServerClientCommunication\RP.Udp.Communication.ServerClient\RP.Udp.Communication.ServerClient.csproj", "{35C36811-2D25-4507-A105-B1CD7CB14CFD}"
EndProject
Project("{2150E333-8FDC-42A3-9474-1A3956D46DE8}") = "Infra", "Infra", "{AE341563-A975-44F8-A38B-6F6F19461578}"
EndProject
Project("{2150E333-8FDC-42A3-9474-1A3956D46DE8}") = "ServerClientCommunication", "ServerClientCommunication", "{06E6940E-392D-4B4B-94A0-8B435F262493}"
EndProject
Project("{2150E333-8FDC-42A3-9474-1A3956D46DE8}") = "UnitTests", "UnitTests", "{DDFE5661-BB02-45B1-812F-BCB51CB143E6}"
EndProject
Project("{2150E333-8FDC-42A3-9474-1A3956D46DE8}") = "TablePublisher", "TablePublisher", "{28BFED87-E72D-4D58-99C7-8EC439FC1F24}"
EndProject
Project("{9A19103F-16F7-4668-BE54-9A1E7A4F7556}") = "RP.TablePublisher", "..\TablePublisher\RP.TablePublisher\RP.TablePublisher.csproj", "{CCF352FE-6BD7-40A3-BAD3-635DFBD4F5E1}"
EndProject
Project("{2150E333-8FDC-42A3-9474-1A3956D46DE8}") = "UnitTests", "UnitTests", "{0DCB6267-EBFF-4492-809E-8E06BE054658}"
EndProject
Project("{9A19103F-16F7-4668-BE54-9A1E7A4F7556}") = "RP.TablePublisher.XUnitTests", "..\TablePublisher\UnitTests\RP.TablePublisher.XUnitTests\RP.TablePublisher.XUnitTests.csproj", "{73FC5AA3-A9D4-4CCD-ABA6-D8FD2A342DC9}"
EndProject
Project("{2150E333-8FDC-42A3-9474-1A3956D46DE8}") = "Prober", "Prober", "{E6CEA578-0F92-40F3-BFF0-FBD8F511AF37}"
EndProject
Project("{9A19103F-16F7-4668-BE54-9A1E7A4F7556}") = "RP.Prober", "..\Prober\RP.Prober\RP.Prober.csproj", "{07F76BAE-1652-4269-9E49-3CBFE0F4A663}"
EndProject
Project("{9A19103F-16F7-4668-BE54-9A1E7A4F7556}") = "RP.Prober.Razor.Component", "..\Prober\RP.Prober.Razor.Component\RP.Prober.Razor.Component.csproj", "{9D6F2359-9D35-4B40-B9D7-160A94BA5F13}"
EndProject
Project("{2150E333-8FDC-42A3-9474-1A3956D46DE8}") = "Logger", "Logger", "{1AC06633-63A9-4FDA-9F23-D44B41CA2811}"
EndProject
Project("{9A19103F-16F7-4668-BE54-9A1E7A4F7556}") = "RP.Logger.Razor.Component", "..\Logger\RP.Logger.Razor.Component\RP.Logger.Razor.Component.csproj", "{C5FCEE7C-D423-4A14-B4D1-8AC2D29ECD6C}"
EndProject
Global
	GlobalSection(SolutionConfigurationPlatforms) = preSolution
		Debug|Any CPU = Debug|Any CPU
		Release|Any CPU = Release|Any CPU
	EndGlobalSection
	GlobalSection(ProjectConfigurationPlatforms) = postSolution
		{0EA0FFFD-3374-4458-8A69-0F29F3706362}.Debug|Any CPU.ActiveCfg = Debug|Any CPU
		{0EA0FFFD-3374-4458-8A69-0F29F3706362}.Debug|Any CPU.Build.0 = Debug|Any CPU
		{0EA0FFFD-3374-4458-8A69-0F29F3706362}.Release|Any CPU.ActiveCfg = Release|Any CPU
		{0EA0FFFD-3374-4458-8A69-0F29F3706362}.Release|Any CPU.Build.0 = Release|Any CPU
		{D533C4DA-13B5-4BEC-AD08-40A850DEC62B}.Debug|Any CPU.ActiveCfg = Debug|Any CPU
		{D533C4DA-13B5-4BEC-AD08-40A850DEC62B}.Debug|Any CPU.Build.0 = Debug|Any CPU
		{D533C4DA-13B5-4BEC-AD08-40A850DEC62B}.Release|Any CPU.ActiveCfg = Release|Any CPU
		{D533C4DA-13B5-4BEC-AD08-40A850DEC62B}.Release|Any CPU.Build.0 = Release|Any CPU
		{EE5A2740-C87E-4754-8CF3-12150C9DE866}.Debug|Any CPU.ActiveCfg = Debug|Any CPU
		{EE5A2740-C87E-4754-8CF3-12150C9DE866}.Debug|Any CPU.Build.0 = Debug|Any CPU
		{EE5A2740-C87E-4754-8CF3-12150C9DE866}.Release|Any CPU.ActiveCfg = Release|Any CPU
		{EE5A2740-C87E-4754-8CF3-12150C9DE866}.Release|Any CPU.Build.0 = Release|Any CPU
		{FD489671-BA41-46C5-9339-14C6771CFE71}.Debug|Any CPU.ActiveCfg = Debug|Any CPU
		{FD489671-BA41-46C5-9339-14C6771CFE71}.Debug|Any CPU.Build.0 = Debug|Any CPU
		{FD489671-BA41-46C5-9339-14C6771CFE71}.Release|Any CPU.ActiveCfg = Release|Any CPU
		{FD489671-BA41-46C5-9339-14C6771CFE71}.Release|Any CPU.Build.0 = Release|Any CPU
		{A8ACA620-EB34-4672-9CE0-B9F63C49534F}.Debug|Any CPU.ActiveCfg = Debug|Any CPU
		{A8ACA620-EB34-4672-9CE0-B9F63C49534F}.Debug|Any CPU.Build.0 = Debug|Any CPU
		{A8ACA620-EB34-4672-9CE0-B9F63C49534F}.Release|Any CPU.ActiveCfg = Release|Any CPU
		{A8ACA620-EB34-4672-9CE0-B9F63C49534F}.Release|Any CPU.Build.0 = Release|Any CPU
		{35C36811-2D25-4507-A105-B1CD7CB14CFD}.Debug|Any CPU.ActiveCfg = Debug|Any CPU
		{35C36811-2D25-4507-A105-B1CD7CB14CFD}.Debug|Any CPU.Build.0 = Debug|Any CPU
		{35C36811-2D25-4507-A105-B1CD7CB14CFD}.Release|Any CPU.ActiveCfg = Release|Any CPU
		{35C36811-2D25-4507-A105-B1CD7CB14CFD}.Release|Any CPU.Build.0 = Release|Any CPU
		{CCF352FE-6BD7-40A3-BAD3-635DFBD4F5E1}.Debug|Any CPU.ActiveCfg = Debug|Any CPU
		{CCF352FE-6BD7-40A3-BAD3-635DFBD4F5E1}.Debug|Any CPU.Build.0 = Debug|Any CPU
		{CCF352FE-6BD7-40A3-BAD3-635DFBD4F5E1}.Release|Any CPU.ActiveCfg = Release|Any CPU
		{CCF352FE-6BD7-40A3-BAD3-635DFBD4F5E1}.Release|Any CPU.Build.0 = Release|Any CPU
		{73FC5AA3-A9D4-4CCD-ABA6-D8FD2A342DC9}.Debug|Any CPU.ActiveCfg = Debug|Any CPU
		{73FC5AA3-A9D4-4CCD-ABA6-D8FD2A342DC9}.Debug|Any CPU.Build.0 = Debug|Any CPU
		{73FC5AA3-A9D4-4CCD-ABA6-D8FD2A342DC9}.Release|Any CPU.ActiveCfg = Release|Any CPU
		{73FC5AA3-A9D4-4CCD-ABA6-D8FD2A342DC9}.Release|Any CPU.Build.0 = Release|Any CPU
		{07F76BAE-1652-4269-9E49-3CBFE0F4A663}.Debug|Any CPU.ActiveCfg = Debug|Any CPU
		{07F76BAE-1652-4269-9E49-3CBFE0F4A663}.Debug|Any CPU.Build.0 = Debug|Any CPU
		{07F76BAE-1652-4269-9E49-3CBFE0F4A663}.Release|Any CPU.ActiveCfg = Release|Any CPU
		{07F76BAE-1652-4269-9E49-3CBFE0F4A663}.Release|Any CPU.Build.0 = Release|Any CPU
		{9D6F2359-9D35-4B40-B9D7-160A94BA5F13}.Debug|Any CPU.ActiveCfg = Debug|Any CPU
		{9D6F2359-9D35-4B40-B9D7-160A94BA5F13}.Debug|Any CPU.Build.0 = Debug|Any CPU
		{9D6F2359-9D35-4B40-B9D7-160A94BA5F13}.Release|Any CPU.ActiveCfg = Release|Any CPU
		{9D6F2359-9D35-4B40-B9D7-160A94BA5F13}.Release|Any CPU.Build.0 = Release|Any CPU
		{C5FCEE7C-D423-4A14-B4D1-8AC2D29ECD6C}.Debug|Any CPU.ActiveCfg = Debug|Any CPU
		{C5FCEE7C-D423-4A14-B4D1-8AC2D29ECD6C}.Debug|Any CPU.Build.0 = Debug|Any CPU
		{C5FCEE7C-D423-4A14-B4D1-8AC2D29ECD6C}.Release|Any CPU.ActiveCfg = Release|Any CPU
		{C5FCEE7C-D423-4A14-B4D1-8AC2D29ECD6C}.Release|Any CPU.Build.0 = Release|Any CPU
	EndGlobalSection
	GlobalSection(SolutionProperties) = preSolution
		HideSolutionNode = FALSE
	EndGlobalSection
	GlobalSection(NestedProjects) = preSolution
		{EE5A2740-C87E-4754-8CF3-12150C9DE866} = {06E6940E-392D-4B4B-94A0-8B435F262493}
		{FD489671-BA41-46C5-9339-14C6771CFE71} = {AE341563-A975-44F8-A38B-6F6F19461578}
		{A8ACA620-EB34-4672-9CE0-B9F63C49534F} = {06E6940E-392D-4B4B-94A0-8B435F262493}
		{35C36811-2D25-4507-A105-B1CD7CB14CFD} = {06E6940E-392D-4B4B-94A0-8B435F262493}
		{DDFE5661-BB02-45B1-812F-BCB51CB143E6} = {06E6940E-392D-4B4B-94A0-8B435F262493}
		{CCF352FE-6BD7-40A3-BAD3-635DFBD4F5E1} = {28BFED87-E72D-4D58-99C7-8EC439FC1F24}
		{0DCB6267-EBFF-4492-809E-8E06BE054658} = {28BFED87-E72D-4D58-99C7-8EC439FC1F24}
		{73FC5AA3-A9D4-4CCD-ABA6-D8FD2A342DC9} = {0DCB6267-EBFF-4492-809E-8E06BE054658}
		{07F76BAE-1652-4269-9E49-3CBFE0F4A663} = {E6CEA578-0F92-40F3-BFF0-FBD8F511AF37}
		{9D6F2359-9D35-4B40-B9D7-160A94BA5F13} = {E6CEA578-0F92-40F3-BFF0-FBD8F511AF37}
		{C5FCEE7C-D423-4A14-B4D1-8AC2D29ECD6C} = {1AC06633-63A9-4FDA-9F23-D44B41CA2811}
	EndGlobalSection
	GlobalSection(ExtensibilityGlobals) = postSolution
		SolutionGuid = {45E81C79-46D0-44D8-B4C1-401AE7FBAA7E}
	EndGlobalSection
EndGlobal
