
Microsoft Visual Studio Solution File, Format Version 12.00
# Visual Studio Version 17
VisualStudioVersion = 17.10.35027.167
MinimumVisualStudioVersion = 10.0.40219.1
Project("{9A19103F-16F7-4668-BE54-9A1E7A4F7556}") = "GenericTreeView.Component", "..\GenericTreeView.Component\GenericTreeView.Component.csproj", "{AB5D174A-DDAD-4D11-81E4-520B43F62A34}"
EndProject
Project("{9A19103F-16F7-4668-BE54-9A1E7A4F7556}") = "GenericTreeView", "..\GenericTreeView\GenericTreeView.csproj", "{68AD2504-F65C-4467-BD3A-7E06AB29C6E2}"
EndProject
Project("{FAE04EC0-301F-11D3-BF4B-00C04F79EFBC}") = "GenericTreeView.SharedTypes", "..\GenericTreeView.SharedTypes\GenericTreeView.SharedTypes.csproj", "{B3EE63A4-1D1D-49CB-828D-150F1286301D}"
EndProject
Global
	GlobalSection(SolutionConfigurationPlatforms) = preSolution
		Debug|Any CPU = Debug|Any CPU
		Release|Any CPU = Release|Any CPU
	EndGlobalSection
	GlobalSection(ProjectConfigurationPlatforms) = postSolution
		{AB5D174A-DDAD-4D11-81E4-520B43F62A34}.Debug|Any CPU.ActiveCfg = Debug|Any CPU
		{AB5D174A-DDAD-4D11-81E4-520B43F62A34}.Debug|Any CPU.Build.0 = Debug|Any CPU
		{AB5D174A-DDAD-4D11-81E4-520B43F62A34}.Release|Any CPU.ActiveCfg = Release|Any CPU
		{AB5D174A-DDAD-4D11-81E4-520B43F62A34}.Release|Any CPU.Build.0 = Release|Any CPU
		{68AD2504-F65C-4467-BD3A-7E06AB29C6E2}.Debug|Any CPU.ActiveCfg = Debug|Any CPU
		{68AD2504-F65C-4467-BD3A-7E06AB29C6E2}.Debug|Any CPU.Build.0 = Debug|Any CPU
		{68AD2504-F65C-4467-BD3A-7E06AB29C6E2}.Release|Any CPU.ActiveCfg = Release|Any CPU
		{68AD2504-F65C-4467-BD3A-7E06AB29C6E2}.Release|Any CPU.Build.0 = Release|Any CPU
		{B3EE63A4-1D1D-49CB-828D-150F1286301D}.Debug|Any CPU.ActiveCfg = Debug|Any CPU
		{B3EE63A4-1D1D-49CB-828D-150F1286301D}.Debug|Any CPU.Build.0 = Debug|Any CPU
		{B3EE63A4-1D1D-49CB-828D-150F1286301D}.Release|Any CPU.ActiveCfg = Release|Any CPU
		{B3EE63A4-1D1D-49CB-828D-150F1286301D}.Release|Any CPU.Build.0 = Release|Any CPU
	EndGlobalSection
	GlobalSection(SolutionProperties) = preSolution
		HideSolutionNode = FALSE
	EndGlobalSection
	GlobalSection(ExtensibilityGlobals) = postSolution
		SolutionGuid = {8CE1D490-5E26-4E24-BE6D-CECEB50C755A}
	EndGlobalSection
EndGlobal
